{
  "name": "np2-wasm",
  "version": "0.0.0",
  "lockfileVersion": 2,
  "requires": true,
  "packages": {
    "": {
      "name": "np2-wasm",
      "version": "0.0.0",
      "license": "BSD-3-Clause",
      "devDependencies": {
        "@types/emscripten": "^1.39.7",
        "bdf": "github:erkkah/BDF.js",
        "typescript": "^5.2.2"
      }
    },
    "node_modules/@types/emscripten": {
      "version": "1.39.7",
      "resolved": "https://registry.npmjs.org/@types/emscripten/-/emscripten-1.39.7.tgz",
      "integrity": "sha512-tLqYV94vuqDrXh515F/FOGtBcRMTPGvVV1LzLbtYDcQmmhtpf/gLYf+hikBbQk8MzOHNz37wpFfJbYAuSn8HqA==",
      "dev": true
    },
    "node_modules/bdf": {
      "version": "1.0.1",
      "resolved": "git+ssh://git@github.com/erkkah/BDF.js.git#a412e123af992d2b54b74803cb1fa59499780da9",
      "dev": true,
      "license": "MPL 2.0"
    },
    "node_modules/typescript": {
      "version": "5.2.2",
      "resolved": "https://registry.npmjs.org/typescript/-/typescript-5.2.2.tgz",
      "integrity": "sha512-mI4WrpHsbCIcwT9cF4FZvr80QUeKvsUsUvKDoR+X/7XHQH98xYD8YHZg7ANtz2GtZt/CBq2QJ0thkGJMHfqc1w==",
      "dev": true,
      "bin": {
        "tsc": "bin/tsc",
        "tsserver": "bin/tsserver"
      },
      "engines": {
        "node": ">=14.17"
      }
    }
  },
  "dependencies": {
    "@types/emscripten": {
      "version": "1.39.7",
      "resolved": "https://registry.npmjs.org/@types/emscripten/-/emscripten-1.39.7.tgz",
      "integrity": "sha512-tLqYV94vuqDrXh515F/FOGtBcRMTPGvVV1LzLbtYDcQmmhtpf/gLYf+hikBbQk8MzOHNz37wpFfJbYAuSn8HqA==",
      "dev": true
    },
    "bdf": {
      "version": "git+ssh://git@github.com/erkkah/BDF.js.git#a412e123af992d2b54b74803cb1fa59499780da9",
      "dev": true,
      "from": "bdf@github:erkkah/BDF.js"
    },
    "typescript": {
      "version": "5.2.2",
      "resolved": "https://registry.npmjs.org/typescript/-/typescript-5.2.2.tgz",
      "integrity": "sha512-mI4WrpHsbCIcwT9cF4FZvr80QUeKvsUsUvKDoR+X/7XHQH98xYD8YHZg7ANtz2GtZt/CBq2QJ0thkGJMHfqc1w==",
      "dev": true
    }
  }
}
